
Microsoft Visual Studio Solution File, Format Version 12.00
# Visual Studio Version 17
VisualStudioVersion = 17.14.36401.2 d17.14
MinimumVisualStudioVersion = 10.0.40219.1
Project("{FAE04EC0-301F-11D3-BF4B-00C04F79EFBC}") = "GeradorMovimentoBTG", "GeradorMovimentoBTG\GeradorMovimentoBTG.csproj", "{A06321C5-413D-4BFF-9544-217ABF80C744}"
EndProject
Global
	GlobalSection(SolutionConfigurationPlatforms) = preSolution
		Debug|Any CPU = Debug|Any CPU
		Release|Any CPU = Release|Any CPU
	EndGlobalSection
	GlobalSection(ProjectConfigurationPlatforms) = postSolution
		{A06321C5-413D-4BFF-9544-217ABF80C744}.Debug|Any CPU.ActiveCfg = Debug|Any CPU
		{A06321C5-413D-4BFF-9544-217ABF80C744}.Debug|Any CPU.Build.0 = Debug|Any CPU
		{A06321C5-413D-4BFF-9544-217ABF80C744}.Release|Any CPU.ActiveCfg = Release|Any CPU
		{A06321C5-413D-4BFF-9544-217ABF80C744}.Release|Any CPU.Build.0 = Release|Any CPU
	EndGlobalSection
	GlobalSection(SolutionProperties) = preSolution
		HideSolutionNode = FALSE
	EndGlobalSection
	GlobalSection(ExtensibilityGlobals) = postSolution
		SolutionGuid = {FAEC551C-D231-4B19-8ADC-F9EDF1E5F613}
	EndGlobalSection
EndGlobal
